{
  "name": "assets",
  "lockfileVersion": 2,
  "requires": true,
  "packages": {
    "": {
      "dependencies": {
        "phx-live-state": "file:../../live-state"
      }
    },
    "../../live-state": {
      "version": "0.6.0",
      "license": "ISC",
      "dependencies": {
        "json-joy": "^1.18.1",
        "lit": "^2.2.6",
        "phoenix": "1.6.10"
      },
      "devDependencies": {
        "@esm-bundle/chai": "^4.3.4-fix.0",
        "@open-wc/testing": "^3.1.6",
        "@types/sinon-chai": "^3.2.8",
        "@web/test-runner": "^0.13.31",
        "@web/test-runner-puppeteer": "^0.10.5",
        "fast-json-patch": "^3.1.1",
        "quibble": "^0.6.12",
        "sinon": "^14.0.0",
        "sinon-chai": "^3.7.0",
        "testdouble": "^3.16.6",
        "typescript": "^4.2.2"
      }
    },
    "node_modules/phx-live-state": {
      "resolved": "../../live-state",
      "link": true
    }
  },
  "dependencies": {
    "phx-live-state": {
      "version": "file:../../live-state",
      "requires": {
        "@esm-bundle/chai": "^4.3.4-fix.0",
        "@open-wc/testing": "^3.1.6",
        "@types/sinon-chai": "^3.2.8",
        "@web/test-runner": "^0.13.31",
        "@web/test-runner-puppeteer": "^0.10.5",
        "fast-json-patch": "^3.1.1",
        "json-joy": "^1.18.1",
        "lit": "^2.2.6",
        "phoenix": "1.6.10",
        "quibble": "^0.6.12",
        "sinon": "^14.0.0",
        "sinon-chai": "^3.7.0",
        "testdouble": "^3.16.6",
        "typescript": "^4.2.2"
      }
    }
  }
}
